// !$*UTF8*$!
{
	archiveVersion = 1;
	classes = {
	};
	objectVersion = 46;
	objects = {

/* Begin PBXBuildFile section */
		1A3D46B11E885FB6008FC178 /* User.swift in Sources */ = {isa = PBXBuildFile; fileRef = 1A3D46B01E885FB6008FC178 /* User.swift */; };
		1A4417391E7DC4DD007789B9 /* AppDelegate.swift in Sources */ = {isa = PBXBuildFile; fileRef = 1A4417381E7DC4DD007789B9 /* AppDelegate.swift */; };
		1A44173B1E7DC4DD007789B9 /* ReportingViewController.swift in Sources */ = {isa = PBXBuildFile; fileRef = 1A44173A1E7DC4DD007789B9 /* ReportingViewController.swift */; };
		1A44173E1E7DC4DD007789B9 /* Main.storyboard in Resources */ = {isa = PBXBuildFile; fileRef = 1A44173C1E7DC4DD007789B9 /* Main.storyboard */; };
		1A4417401E7DC4DD007789B9 /* Assets.xcassets in Resources */ = {isa = PBXBuildFile; fileRef = 1A44173F1E7DC4DD007789B9 /* Assets.xcassets */; };
		1A4417431E7DC4DD007789B9 /* LaunchScreen.storyboard in Resources */ = {isa = PBXBuildFile; fileRef = 1A4417411E7DC4DD007789B9 /* LaunchScreen.storyboard */; };
		1A44174B1E7DD8B4007789B9 /* Cartfile in Resources */ = {isa = PBXBuildFile; fileRef = 1A44174A1E7DD8B4007789B9 /* Cartfile */; };
		1A44174D1E7DDC22007789B9 /* Alamofire.framework in Frameworks */ = {isa = PBXBuildFile; fileRef = 1A44174C1E7DDC22007789B9 /* Alamofire.framework */; };
		1A44174E1E7DDC22007789B9 /* Alamofire.framework in Embed Frameworks */ = {isa = PBXBuildFile; fileRef = 1A44174C1E7DDC22007789B9 /* Alamofire.framework */; settings = {ATTRIBUTES = (CodeSignOnCopy, RemoveHeadersOnCopy, ); }; };
		1A91B0781E88AE540069A376 /* HttpService.swift in Sources */ = {isa = PBXBuildFile; fileRef = 1A91B0771E88AE540069A376 /* HttpService.swift */; };
		1AA1D9631E98AC8E00CC9A60 /* QuorumMembersViewController.swift in Sources */ = {isa = PBXBuildFile; fileRef = 1AA1D9621E98AC8E00CC9A60 /* QuorumMembersViewController.swift */; };
		1AA8810D1E99778A00735299 /* QuorumMemberTableViewCell.swift in Sources */ = {isa = PBXBuildFile; fileRef = 1AA8810C1E99778A00735299 /* QuorumMemberTableViewCell.swift */; };
		1AB7A9F01EA5C68C0054675B /* SlideUpAnimator.swift in Sources */ = {isa = PBXBuildFile; fileRef = 1AB7A9EF1EA5C68C0054675B /* SlideUpAnimator.swift */; };
		1AB7A9F21EA5C9D30054675B /* SlideDownAnimator.swift in Sources */ = {isa = PBXBuildFile; fileRef = 1AB7A9F11EA5C9D30054675B /* SlideDownAnimator.swift */; };
		1ABC9A881EA3367700148D3C /* RootViewController.swift in Sources */ = {isa = PBXBuildFile; fileRef = 1ABC9A871EA3367700148D3C /* RootViewController.swift */; };
		1ABC9A8A1EA33E2600148D3C /* BaseMenuViewController.swift in Sources */ = {isa = PBXBuildFile; fileRef = 1ABC9A891EA33E2600148D3C /* BaseMenuViewController.swift */; };
		1ACC4CAC1E90AD51006400EB /* AssignmentsViewController.swift in Sources */ = {isa = PBXBuildFile; fileRef = 1ACC4CAB1E90AD51006400EB /* AssignmentsViewController.swift */; };
		1ACC4CAF1E90B34D006400EB /* AssignmentCollectionViewCell.swift in Sources */ = {isa = PBXBuildFile; fileRef = 1ACC4CAE1E90B34D006400EB /* AssignmentCollectionViewCell.swift */; };
		1ACC4CB11E90F2CE006400EB /* Report.swift in Sources */ = {isa = PBXBuildFile; fileRef = 1ACC4CB01E90F2CE006400EB /* Report.swift */; };
		1AD5576E1E9031A4005036E9 /* LoginViewController.swift in Sources */ = {isa = PBXBuildFile; fileRef = 1AD5576D1E9031A4005036E9 /* LoginViewController.swift */; };
		1AD5BE451EA08B4B007506F1 /* PaginatedList.swift in Sources */ = {isa = PBXBuildFile; fileRef = 1AD5BE441EA08B4B007506F1 /* PaginatedList.swift */; };
		1AD5EB4C1E8C1967007E7693 /* UrlBuilder.swift in Sources */ = {isa = PBXBuildFile; fileRef = 1AD5EB4B1E8C1967007E7693 /* UrlBuilder.swift */; };
		1AD5EB4E1E8C1CBC007E7693 /* Assignment.swift in Sources */ = {isa = PBXBuildFile; fileRef = 1AD5EB4D1E8C1CBC007E7693 /* Assignment.swift */; };
		1AD5EB501E8C21C9007E7693 /* QuorumMember.swift in Sources */ = {isa = PBXBuildFile; fileRef = 1AD5EB4F1E8C21C9007E7693 /* QuorumMember.swift */; };
		1AD5EB521E8C4D7B007E7693 /* Household.swift in Sources */ = {isa = PBXBuildFile; fileRef = 1AD5EB511E8C4D7B007E7693 /* Household.swift */; };
		1AEBACDE1E8B6C0C005612D9 /* PMKAlamofire.framework in Frameworks */ = {isa = PBXBuildFile; fileRef = 1AEBACDD1E8B6C0C005612D9 /* PMKAlamofire.framework */; };
		1AEBACDF1E8B6C0C005612D9 /* PMKAlamofire.framework in Embed Frameworks */ = {isa = PBXBuildFile; fileRef = 1AEBACDD1E8B6C0C005612D9 /* PMKAlamofire.framework */; settings = {ATTRIBUTES = (CodeSignOnCopy, RemoveHeadersOnCopy, ); }; };
		1AEBACE11E8B6C17005612D9 /* PromiseKit.framework in Frameworks */ = {isa = PBXBuildFile; fileRef = 1AEBACE01E8B6C17005612D9 /* PromiseKit.framework */; };
		1AEBACE21E8B6C17005612D9 /* PromiseKit.framework in Embed Frameworks */ = {isa = PBXBuildFile; fileRef = 1AEBACE01E8B6C17005612D9 /* PromiseKit.framework */; settings = {ATTRIBUTES = (CodeSignOnCopy, RemoveHeadersOnCopy, ); }; };
		1AEBACE41E8B6C26005612D9 /* ObjectMapper.framework in Frameworks */ = {isa = PBXBuildFile; fileRef = 1AEBACE31E8B6C26005612D9 /* ObjectMapper.framework */; };
		1AEBACE51E8B6C26005612D9 /* ObjectMapper.framework in Embed Frameworks */ = {isa = PBXBuildFile; fileRef = 1AEBACE31E8B6C26005612D9 /* ObjectMapper.framework */; settings = {ATTRIBUTES = (CodeSignOnCopy, RemoveHeadersOnCopy, ); }; };
		1AEBACE71E8B7E75005612D9 /* UserStore.swift in Sources */ = {isa = PBXBuildFile; fileRef = 1AEBACE61E8B7E75005612D9 /* UserStore.swift */; };
		1AEBACEB1E8B818B005612D9 /* Locksmith.framework in Frameworks */ = {isa = PBXBuildFile; fileRef = 1AEBACEA1E8B818B005612D9 /* Locksmith.framework */; };
		1AEBACEC1E8B818B005612D9 /* Locksmith.framework in Embed Frameworks */ = {isa = PBXBuildFile; fileRef = 1AEBACEA1E8B818B005612D9 /* Locksmith.framework */; settings = {ATTRIBUTES = (CodeSignOnCopy, RemoveHeadersOnCopy, ); }; };
/* End PBXBuildFile section */

/* Begin PBXCopyFilesBuildPhase section */
		1A44174F1E7DDC22007789B9 /* Embed Frameworks */ = {
			isa = PBXCopyFilesBuildPhase;
			buildActionMask = 2147483647;
			dstPath = "";
			dstSubfolderSpec = 10;
			files = (
				1AEBACEC1E8B818B005612D9 /* Locksmith.framework in Embed Frameworks */,
				1AEBACE21E8B6C17005612D9 /* PromiseKit.framework in Embed Frameworks */,
				1AEBACDF1E8B6C0C005612D9 /* PMKAlamofire.framework in Embed Frameworks */,
				1AEBACE51E8B6C26005612D9 /* ObjectMapper.framework in Embed Frameworks */,
				1A44174E1E7DDC22007789B9 /* Alamofire.framework in Embed Frameworks */,
			);
			name = "Embed Frameworks";
			runOnlyForDeploymentPostprocessing = 0;
		};
/* End PBXCopyFilesBuildPhase section */

/* Begin PBXFileReference section */
		1A3D46B01E885FB6008FC178 /* User.swift */ = {isa = PBXFileReference; fileEncoding = 4; lastKnownFileType = sourcecode.swift; path = User.swift; sourceTree = "<group>"; };
		1A4417351E7DC4DD007789B9 /* HomeTeaching.app */ = {isa = PBXFileReference; explicitFileType = wrapper.application; includeInIndex = 0; path = HomeTeaching.app; sourceTree = BUILT_PRODUCTS_DIR; };
		1A4417381E7DC4DD007789B9 /* AppDelegate.swift */ = {isa = PBXFileReference; lastKnownFileType = sourcecode.swift; path = AppDelegate.swift; sourceTree = "<group>"; };
		1A44173A1E7DC4DD007789B9 /* ReportingViewController.swift */ = {isa = PBXFileReference; lastKnownFileType = sourcecode.swift; path = ReportingViewController.swift; sourceTree = "<group>"; };
		1A44173D1E7DC4DD007789B9 /* Base */ = {isa = PBXFileReference; lastKnownFileType = file.storyboard; name = Base; path = Base.lproj/Main.storyboard; sourceTree = "<group>"; };
		1A44173F1E7DC4DD007789B9 /* Assets.xcassets */ = {isa = PBXFileReference; lastKnownFileType = folder.assetcatalog; path = Assets.xcassets; sourceTree = "<group>"; };
		1A4417421E7DC4DD007789B9 /* Base */ = {isa = PBXFileReference; lastKnownFileType = file.storyboard; name = Base; path = Base.lproj/LaunchScreen.storyboard; sourceTree = "<group>"; };
		1A4417441E7DC4DD007789B9 /* Info.plist */ = {isa = PBXFileReference; lastKnownFileType = text.plist.xml; path = Info.plist; sourceTree = "<group>"; };
		1A44174A1E7DD8B4007789B9 /* Cartfile */ = {isa = PBXFileReference; fileEncoding = 4; lastKnownFileType = text; path = Cartfile; sourceTree = "<group>"; };
		1A44174C1E7DDC22007789B9 /* Alamofire.framework */ = {isa = PBXFileReference; lastKnownFileType = wrapper.framework; name = Alamofire.framework; path = Carthage/Build/iOS/Alamofire.framework; sourceTree = "<group>"; };
		1A91B0771E88AE540069A376 /* HttpService.swift */ = {isa = PBXFileReference; fileEncoding = 4; lastKnownFileType = sourcecode.swift; path = HttpService.swift; sourceTree = "<group>"; };
		1AA1D9621E98AC8E00CC9A60 /* QuorumMembersViewController.swift */ = {isa = PBXFileReference; fileEncoding = 4; lastKnownFileType = sourcecode.swift; path = QuorumMembersViewController.swift; sourceTree = "<group>"; };
		1AA8810C1E99778A00735299 /* QuorumMemberTableViewCell.swift */ = {isa = PBXFileReference; fileEncoding = 4; lastKnownFileType = sourcecode.swift; path = QuorumMemberTableViewCell.swift; sourceTree = "<group>"; };
		1AB7A9EF1EA5C68C0054675B /* SlideUpAnimator.swift */ = {isa = PBXFileReference; fileEncoding = 4; lastKnownFileType = sourcecode.swift; path = SlideUpAnimator.swift; sourceTree = "<group>"; };
		1AB7A9F11EA5C9D30054675B /* SlideDownAnimator.swift */ = {isa = PBXFileReference; fileEncoding = 4; lastKnownFileType = sourcecode.swift; path = SlideDownAnimator.swift; sourceTree = "<group>"; };
		1ABC9A871EA3367700148D3C /* RootViewController.swift */ = {isa = PBXFileReference; fileEncoding = 4; lastKnownFileType = sourcecode.swift; path = RootViewController.swift; sourceTree = "<group>"; };
		1ABC9A891EA33E2600148D3C /* BaseMenuViewController.swift */ = {isa = PBXFileReference; fileEncoding = 4; lastKnownFileType = sourcecode.swift; path = BaseMenuViewController.swift; sourceTree = "<group>"; };
		1ACC4CAB1E90AD51006400EB /* AssignmentsViewController.swift */ = {isa = PBXFileReference; fileEncoding = 4; lastKnownFileType = sourcecode.swift; path = AssignmentsViewController.swift; sourceTree = "<group>"; };
		1ACC4CAE1E90B34D006400EB /* AssignmentCollectionViewCell.swift */ = {isa = PBXFileReference; fileEncoding = 4; lastKnownFileType = sourcecode.swift; path = AssignmentCollectionViewCell.swift; sourceTree = "<group>"; };
		1ACC4CB01E90F2CE006400EB /* Report.swift */ = {isa = PBXFileReference; fileEncoding = 4; lastKnownFileType = sourcecode.swift; path = Report.swift; sourceTree = "<group>"; };
		1AD5576D1E9031A4005036E9 /* LoginViewController.swift */ = {isa = PBXFileReference; fileEncoding = 4; lastKnownFileType = sourcecode.swift; path = LoginViewController.swift; sourceTree = "<group>"; };
		1AD5BE441EA08B4B007506F1 /* PaginatedList.swift */ = {isa = PBXFileReference; fileEncoding = 4; lastKnownFileType = sourcecode.swift; path = PaginatedList.swift; sourceTree = "<group>"; };
		1AD5BE461EA0A331007506F1 /* NVActivityIndicatorView.framework */ = {isa = PBXFileReference; lastKnownFileType = wrapper.framework; name = NVActivityIndicatorView.framework; path = Carthage/Build/iOS/NVActivityIndicatorView.framework; sourceTree = "<group>"; };
		1AD5EB4B1E8C1967007E7693 /* UrlBuilder.swift */ = {isa = PBXFileReference; fileEncoding = 4; lastKnownFileType = sourcecode.swift; path = UrlBuilder.swift; sourceTree = "<group>"; };
		1AD5EB4D1E8C1CBC007E7693 /* Assignment.swift */ = {isa = PBXFileReference; fileEncoding = 4; lastKnownFileType = sourcecode.swift; path = Assignment.swift; sourceTree = "<group>"; };
		1AD5EB4F1E8C21C9007E7693 /* QuorumMember.swift */ = {isa = PBXFileReference; fileEncoding = 4; lastKnownFileType = sourcecode.swift; path = QuorumMember.swift; sourceTree = "<group>"; };
		1AD5EB511E8C4D7B007E7693 /* Household.swift */ = {isa = PBXFileReference; fileEncoding = 4; lastKnownFileType = sourcecode.swift; path = Household.swift; sourceTree = "<group>"; };
		1AEBACDD1E8B6C0C005612D9 /* PMKAlamofire.framework */ = {isa = PBXFileReference; lastKnownFileType = wrapper.framework; name = PMKAlamofire.framework; path = Carthage/Build/iOS/PMKAlamofire.framework; sourceTree = "<group>"; };
		1AEBACE01E8B6C17005612D9 /* PromiseKit.framework */ = {isa = PBXFileReference; lastKnownFileType = wrapper.framework; name = PromiseKit.framework; path = Carthage/Build/iOS/PromiseKit.framework; sourceTree = "<group>"; };
		1AEBACE31E8B6C26005612D9 /* ObjectMapper.framework */ = {isa = PBXFileReference; lastKnownFileType = wrapper.framework; name = ObjectMapper.framework; path = Carthage/Build/iOS/ObjectMapper.framework; sourceTree = "<group>"; };
		1AEBACE61E8B7E75005612D9 /* UserStore.swift */ = {isa = PBXFileReference; fileEncoding = 4; lastKnownFileType = sourcecode.swift; path = UserStore.swift; sourceTree = "<group>"; };
		1AEBACE91E8B7F66005612D9 /* HomeTeaching.entitlements */ = {isa = PBXFileReference; lastKnownFileType = text.plist.entitlements; path = HomeTeaching.entitlements; sourceTree = "<group>"; };
		1AEBACEA1E8B818B005612D9 /* Locksmith.framework */ = {isa = PBXFileReference; lastKnownFileType = wrapper.framework; name = Locksmith.framework; path = Carthage/Build/iOS/Locksmith.framework; sourceTree = "<group>"; };
/* End PBXFileReference section */

/* Begin PBXFrameworksBuildPhase section */
		1A4417321E7DC4DD007789B9 /* Frameworks */ = {
			isa = PBXFrameworksBuildPhase;
			buildActionMask = 2147483647;
			files = (
				1AEBACEB1E8B818B005612D9 /* Locksmith.framework in Frameworks */,
				1AEBACE11E8B6C17005612D9 /* PromiseKit.framework in Frameworks */,
				1AEBACDE1E8B6C0C005612D9 /* PMKAlamofire.framework in Frameworks */,
				1AEBACE41E8B6C26005612D9 /* ObjectMapper.framework in Frameworks */,
				1A44174D1E7DDC22007789B9 /* Alamofire.framework in Frameworks */,
			);
			runOnlyForDeploymentPostprocessing = 0;
		};
/* End PBXFrameworksBuildPhase section */

/* Begin PBXGroup section */
		1A3D46AF1E885FA3008FC178 /* Models */ = {
			isa = PBXGroup;
			children = (
				1A3D46B01E885FB6008FC178 /* User.swift */,
				1AD5EB4D1E8C1CBC007E7693 /* Assignment.swift */,
				1AD5EB4F1E8C21C9007E7693 /* QuorumMember.swift */,
				1AD5EB511E8C4D7B007E7693 /* Household.swift */,
				1ACC4CB01E90F2CE006400EB /* Report.swift */,
				1AD5BE441EA08B4B007506F1 /* PaginatedList.swift */,
			);
			name = Models;
			sourceTree = "<group>";
		};
		1A44172C1E7DC4DD007789B9 = {
			isa = PBXGroup;
			children = (
				1AD5BE461EA0A331007506F1 /* NVActivityIndicatorView.framework */,
				1AEBACEA1E8B818B005612D9 /* Locksmith.framework */,
				1AEBACE31E8B6C26005612D9 /* ObjectMapper.framework */,
				1AEBACE01E8B6C17005612D9 /* PromiseKit.framework */,
				1AEBACDD1E8B6C0C005612D9 /* PMKAlamofire.framework */,
				1A44174C1E7DDC22007789B9 /* Alamofire.framework */,
				1A44174A1E7DD8B4007789B9 /* Cartfile */,
				1A4417371E7DC4DD007789B9 /* HomeTeaching */,
				1A4417361E7DC4DD007789B9 /* Products */,
			);
			sourceTree = "<group>";
		};
		1A4417361E7DC4DD007789B9 /* Products */ = {
			isa = PBXGroup;
			children = (
				1A4417351E7DC4DD007789B9 /* HomeTeaching.app */,
			);
			name = Products;
			sourceTree = "<group>";
		};
		1A4417371E7DC4DD007789B9 /* HomeTeaching */ = {
			isa = PBXGroup;
			children = (
				1ACC4CAD1E90B329006400EB /* Views */,
				1AD5576C1E903164005036E9 /* ViewControllers */,
				1AD5EB4A1E8C1936007E7693 /* Util */,
				1AEBACE91E8B7F66005612D9 /* HomeTeaching.entitlements */,
				1A91B0761E88ADE80069A376 /* Services */,
				1A3D46AF1E885FA3008FC178 /* Models */,
				1A4417381E7DC4DD007789B9 /* AppDelegate.swift */,
				1A44173C1E7DC4DD007789B9 /* Main.storyboard */,
				1A44173F1E7DC4DD007789B9 /* Assets.xcassets */,
				1A4417411E7DC4DD007789B9 /* LaunchScreen.storyboard */,
				1A4417441E7DC4DD007789B9 /* Info.plist */,
			);
			path = HomeTeaching;
			sourceTree = "<group>";
		};
		1A91B0761E88ADE80069A376 /* Services */ = {
			isa = PBXGroup;
			children = (
				1A91B0771E88AE540069A376 /* HttpService.swift */,
				1AEBACE61E8B7E75005612D9 /* UserStore.swift */,
			);
			name = Services;
			sourceTree = "<group>";
		};
		1AB7A9EE1EA5C67C0054675B /* Animators */ = {
			isa = PBXGroup;
			children = (
				1AB7A9EF1EA5C68C0054675B /* SlideUpAnimator.swift */,
				1AB7A9F11EA5C9D30054675B /* SlideDownAnimator.swift */,
			);
			name = Animators;
			sourceTree = "<group>";
		};
		1ACC4CAD1E90B329006400EB /* Views */ = {
			isa = PBXGroup;
			children = (
				1ACC4CAE1E90B34D006400EB /* AssignmentCollectionViewCell.swift */,
				1AA8810C1E99778A00735299 /* QuorumMemberTableViewCell.swift */,
			);
			name = Views;
			sourceTree = "<group>";
		};
		1AD5576C1E903164005036E9 /* ViewControllers */ = {
			isa = PBXGroup;
			children = (
				1A44173A1E7DC4DD007789B9 /* ReportingViewController.swift */,
				1AD5576D1E9031A4005036E9 /* LoginViewController.swift */,
				1ACC4CAB1E90AD51006400EB /* AssignmentsViewController.swift */,
				1AA1D9621E98AC8E00CC9A60 /* QuorumMembersViewController.swift */,
				1ABC9A871EA3367700148D3C /* RootViewController.swift */,
				1ABC9A891EA33E2600148D3C /* BaseMenuViewController.swift */,
			);
			name = ViewControllers;
			sourceTree = "<group>";
		};
		1AD5EB4A1E8C1936007E7693 /* Util */ = {
			isa = PBXGroup;
			children = (
				1AB7A9EE1EA5C67C0054675B /* Animators */,
				1AD5EB4B1E8C1967007E7693 /* UrlBuilder.swift */,
			);
			name = Util;
			sourceTree = "<group>";
		};
/* End PBXGroup section */

/* Begin PBXNativeTarget section */
		1A4417341E7DC4DD007789B9 /* HomeTeaching */ = {
			isa = PBXNativeTarget;
			buildConfigurationList = 1A4417471E7DC4DD007789B9 /* Build configuration list for PBXNativeTarget "HomeTeaching" */;
			buildPhases = (
				1A4417311E7DC4DD007789B9 /* Sources */,
				1A4417321E7DC4DD007789B9 /* Frameworks */,
				1A4417331E7DC4DD007789B9 /* Resources */,
				1A44174F1E7DDC22007789B9 /* Embed Frameworks */,
			);
			buildRules = (
			);
			dependencies = (
			);
			name = HomeTeaching;
			productName = HomeTeaching;
			productReference = 1A4417351E7DC4DD007789B9 /* HomeTeaching.app */;
			productType = "com.apple.product-type.application";
		};
/* End PBXNativeTarget section */

/* Begin PBXProject section */
		1A44172D1E7DC4DD007789B9 /* Project object */ = {
			isa = PBXProject;
			attributes = {
				LastSwiftUpdateCheck = 0820;
				LastUpgradeCheck = 0820;
				ORGANIZATIONNAME = "Devin Moss";
				TargetAttributes = {
					1A4417341E7DC4DD007789B9 = {
						CreatedOnToolsVersion = 8.2.1;
						DevelopmentTeam = 9KVTB8T48U;
						ProvisioningStyle = Automatic;
						SystemCapabilities = {
							com.apple.Keychain = {
								enabled = 1;
							};
						};
					};
				};
			};
			buildConfigurationList = 1A4417301E7DC4DD007789B9 /* Build configuration list for PBXProject "HomeTeaching" */;
			compatibilityVersion = "Xcode 3.2";
			developmentRegion = English;
			hasScannedForEncodings = 0;
			knownRegions = (
				en,
				Base,
			);
			mainGroup = 1A44172C1E7DC4DD007789B9;
			productRefGroup = 1A4417361E7DC4DD007789B9 /* Products */;
			projectDirPath = "";
			projectRoot = "";
			targets = (
				1A4417341E7DC4DD007789B9 /* HomeTeaching */,
			);
		};
/* End PBXProject section */

/* Begin PBXResourcesBuildPhase section */
		1A4417331E7DC4DD007789B9 /* Resources */ = {
			isa = PBXResourcesBuildPhase;
			buildActionMask = 2147483647;
			files = (
				1A4417431E7DC4DD007789B9 /* LaunchScreen.storyboard in Resources */,
				1A4417401E7DC4DD007789B9 /* Assets.xcassets in Resources */,
				1A44174B1E7DD8B4007789B9 /* Cartfile in Resources */,
				1A44173E1E7DC4DD007789B9 /* Main.storyboard in Resources */,
			);
			runOnlyForDeploymentPostprocessing = 0;
		};
/* End PBXResourcesBuildPhase section */

/* Begin PBXSourcesBuildPhase section */
		1A4417311E7DC4DD007789B9 /* Sources */ = {
			isa = PBXSourcesBuildPhase;
			buildActionMask = 2147483647;
			files = (
				1AA8810D1E99778A00735299 /* QuorumMemberTableViewCell.swift in Sources */,
				1ABC9A881EA3367700148D3C /* RootViewController.swift in Sources */,
				1ACC4CAC1E90AD51006400EB /* AssignmentsViewController.swift in Sources */,
				1A44173B1E7DC4DD007789B9 /* ReportingViewController.swift in Sources */,
				1AD5EB4E1E8C1CBC007E7693 /* Assignment.swift in Sources */,
				1AA1D9631E98AC8E00CC9A60 /* QuorumMembersViewController.swift in Sources */,
				1AEBACE71E8B7E75005612D9 /* UserStore.swift in Sources */,
				1AD5EB521E8C4D7B007E7693 /* Household.swift in Sources */,
				1AB7A9F21EA5C9D30054675B /* SlideDownAnimator.swift in Sources */,
				1AD5BE451EA08B4B007506F1 /* PaginatedList.swift in Sources */,
				1ACC4CB11E90F2CE006400EB /* Report.swift in Sources */,
				1ABC9A8A1EA33E2600148D3C /* BaseMenuViewController.swift in Sources */,
				1AB7A9F01EA5C68C0054675B /* SlideUpAnimator.swift in Sources */,
				1ACC4CAF1E90B34D006400EB /* AssignmentCollectionViewCell.swift in Sources */,
				1A91B0781E88AE540069A376 /* HttpService.swift in Sources */,
				1AD5EB4C1E8C1967007E7693 /* UrlBuilder.swift in Sources */,
				1A4417391E7DC4DD007789B9 /* AppDelegate.swift in Sources */,
				1AD5EB501E8C21C9007E7693 /* QuorumMember.swift in Sources */,
				1AD5576E1E9031A4005036E9 /* LoginViewController.swift in Sources */,
				1A3D46B11E885FB6008FC178 /* User.swift in Sources */,
			);
			runOnlyForDeploymentPostprocessing = 0;
		};
/* End PBXSourcesBuildPhase section */

/* Begin PBXVariantGroup section */
		1A44173C1E7DC4DD007789B9 /* Main.storyboard */ = {
			isa = PBXVariantGroup;
			children = (
				1A44173D1E7DC4DD007789B9 /* Base */,
			);
			name = Main.storyboard;
			sourceTree = "<group>";
		};
		1A4417411E7DC4DD007789B9 /* LaunchScreen.storyboard */ = {
			isa = PBXVariantGroup;
			children = (
				1A4417421E7DC4DD007789B9 /* Base */,
			);
			name = LaunchScreen.storyboard;
			sourceTree = "<group>";
		};
/* End PBXVariantGroup section */

/* Begin XCBuildConfiguration section */
		1A4417451E7DC4DD007789B9 /* Debug */ = {
			isa = XCBuildConfiguration;
			buildSettings = {
				ALWAYS_SEARCH_USER_PATHS = NO;
				CLANG_ANALYZER_NONNULL = YES;
				CLANG_CXX_LANGUAGE_STANDARD = "gnu++0x";
				CLANG_CXX_LIBRARY = "libc++";
				CLANG_ENABLE_MODULES = YES;
				CLANG_ENABLE_OBJC_ARC = YES;
				CLANG_WARN_BOOL_CONVERSION = YES;
				CLANG_WARN_CONSTANT_CONVERSION = YES;
				CLANG_WARN_DIRECT_OBJC_ISA_USAGE = YES_ERROR;
				CLANG_WARN_DOCUMENTATION_COMMENTS = YES;
				CLANG_WARN_EMPTY_BODY = YES;
				CLANG_WARN_ENUM_CONVERSION = YES;
				CLANG_WARN_INFINITE_RECURSION = YES;
				CLANG_WARN_INT_CONVERSION = YES;
				CLANG_WARN_OBJC_ROOT_CLASS = YES_ERROR;
				CLANG_WARN_SUSPICIOUS_MOVE = YES;
				CLANG_WARN_UNREACHABLE_CODE = YES;
				CLANG_WARN__DUPLICATE_METHOD_MATCH = YES;
				"CODE_SIGN_IDENTITY[sdk=iphoneos*]" = "iPhone Developer";
				COPY_PHASE_STRIP = NO;
				DEBUG_INFORMATION_FORMAT = dwarf;
				ENABLE_STRICT_OBJC_MSGSEND = YES;
				ENABLE_TESTABILITY = YES;
				GCC_C_LANGUAGE_STANDARD = gnu99;
				GCC_DYNAMIC_NO_PIC = NO;
				GCC_NO_COMMON_BLOCKS = YES;
				GCC_OPTIMIZATION_LEVEL = 0;
				GCC_PREPROCESSOR_DEFINITIONS = (
					"DEBUG=1",
					"$(inherited)",
				);
				GCC_WARN_64_TO_32_BIT_CONVERSION = YES;
				GCC_WARN_ABOUT_RETURN_TYPE = YES_ERROR;
				GCC_WARN_UNDECLARED_SELECTOR = YES;
				GCC_WARN_UNINITIALIZED_AUTOS = YES_AGGRESSIVE;
				GCC_WARN_UNUSED_FUNCTION = YES;
				GCC_WARN_UNUSED_VARIABLE = YES;
				IPHONEOS_DEPLOYMENT_TARGET = 10.2;
				MTL_ENABLE_DEBUG_INFO = YES;
				ONLY_ACTIVE_ARCH = YES;
				SDKROOT = iphoneos;
				SWIFT_ACTIVE_COMPILATION_CONDITIONS = DEBUG;
				SWIFT_OPTIMIZATION_LEVEL = "-Onone";
				TARGETED_DEVICE_FAMILY = "1,2";
			};
			name = Debug;
		};
		1A4417461E7DC4DD007789B9 /* Release */ = {
			isa = XCBuildConfiguration;
			buildSettings = {
				ALWAYS_SEARCH_USER_PATHS = NO;
				CLANG_ANALYZER_NONNULL = YES;
				CLANG_CXX_LANGUAGE_STANDARD = "gnu++0x";
				CLANG_CXX_LIBRARY = "libc++";
				CLANG_ENABLE_MODULES = YES;
				CLANG_ENABLE_OBJC_ARC = YES;
				CLANG_WARN_BOOL_CONVERSION = YES;
				CLANG_WARN_CONSTANT_CONVERSION = YES;
				CLANG_WARN_DIRECT_OBJC_ISA_USAGE = YES_ERROR;
				CLANG_WARN_DOCUMENTATION_COMMENTS = YES;
				CLANG_WARN_EMPTY_BODY = YES;
				CLANG_WARN_ENUM_CONVERSION = YES;
				CLANG_WARN_INFINITE_RECURSION = YES;
				CLANG_WARN_INT_CONVERSION = YES;
				CLANG_WARN_OBJC_ROOT_CLASS = YES_ERROR;
				CLANG_WARN_SUSPICIOUS_MOVE = YES;
				CLANG_WARN_UNREACHABLE_CODE = YES;
				CLANG_WARN__DUPLICATE_METHOD_MATCH = YES;
				"CODE_SIGN_IDENTITY[sdk=iphoneos*]" = "iPhone Developer";
				COPY_PHASE_STRIP = NO;
				DEBUG_INFORMATION_FORMAT = "dwarf-with-dsym";
				ENABLE_NS_ASSERTIONS = NO;
				ENABLE_STRICT_OBJC_MSGSEND = YES;
				GCC_C_LANGUAGE_STANDARD = gnu99;
				GCC_NO_COMMON_BLOCKS = YES;
				GCC_WARN_64_TO_32_BIT_CONVERSION = YES;
				GCC_WARN_ABOUT_RETURN_TYPE = YES_ERROR;
				GCC_WARN_UNDECLARED_SELECTOR = YES;
				GCC_WARN_UNINITIALIZED_AUTOS = YES_AGGRESSIVE;
				GCC_WARN_UNUSED_FUNCTION = YES;
				GCC_WARN_UNUSED_VARIABLE = YES;
				IPHONEOS_DEPLOYMENT_TARGET = 10.2;
				MTL_ENABLE_DEBUG_INFO = NO;
				SDKROOT = iphoneos;
				SWIFT_OPTIMIZATION_LEVEL = "-Owholemodule";
				TARGETED_DEVICE_FAMILY = "1,2";
				VALIDATE_PRODUCT = YES;
			};
			name = Release;
		};
		1A4417481E7DC4DD007789B9 /* Debug */ = {
			isa = XCBuildConfiguration;
			buildSettings = {
				ASSETCATALOG_COMPILER_APPICON_NAME = AppIcon;
				CODE_SIGN_ENTITLEMENTS = HomeTeaching/HomeTeaching.entitlements;
				DEVELOPMENT_TEAM = 9KVTB8T48U;
				FRAMEWORK_SEARCH_PATHS = (
					"$(inherited)",
					"$(PROJECT_DIR)/Carthage/Build/iOS",
				);
				INFOPLIST_FILE = HomeTeaching/Info.plist;
				LD_RUNPATH_SEARCH_PATHS = "$(inherited) @executable_path/Frameworks";
				PRODUCT_BUNDLE_IDENTIFIER = com.moss.HomeTeaching;
				PRODUCT_NAME = "$(TARGET_NAME)";
				SWIFT_VERSION = 3.0;
			};
			name = Debug;
		};
		1A4417491E7DC4DD007789B9 /* Release */ = {
			isa = XCBuildConfiguration;
			buildSettings = {
				ASSETCATALOG_COMPILER_APPICON_NAME = AppIcon;
				CODE_SIGN_ENTITLEMENTS = HomeTeaching/HomeTeaching.entitlements;
				DEVELOPMENT_TEAM = 9KVTB8T48U;
				FRAMEWORK_SEARCH_PATHS = (
					"$(inherited)",
					"$(PROJECT_DIR)/Carthage/Build/iOS",
				);
				INFOPLIST_FILE = HomeTeaching/Info.plist;
				LD_RUNPATH_SEARCH_PATHS = "$(inherited) @executable_path/Frameworks";
				PRODUCT_BUNDLE_IDENTIFIER = com.moss.HomeTeaching;
				PRODUCT_NAME = "$(TARGET_NAME)";
				SWIFT_VERSION = 3.0;
			};
			name = Release;
		};
/* End XCBuildConfiguration section */

/* Begin XCConfigurationList section */
		1A4417301E7DC4DD007789B9 /* Build configuration list for PBXProject "HomeTeaching" */ = {
			isa = XCConfigurationList;
			buildConfigurations = (
				1A4417451E7DC4DD007789B9 /* Debug */,
				1A4417461E7DC4DD007789B9 /* Release */,
			);
			defaultConfigurationIsVisible = 0;
			defaultConfigurationName = Release;
		};
		1A4417471E7DC4DD007789B9 /* Build configuration list for PBXNativeTarget "HomeTeaching" */ = {
			isa = XCConfigurationList;
			buildConfigurations = (
				1A4417481E7DC4DD007789B9 /* Debug */,
				1A4417491E7DC4DD007789B9 /* Release */,
			);
			defaultConfigurationIsVisible = 0;
			defaultConfigurationName = Release;
		};
/* End XCConfigurationList section */
	};
	rootObject = 1A44172D1E7DC4DD007789B9 /* Project object */;
}
